// !$*UTF8*$!
{
	archiveVersion = 1;
	classes = {
	};
	objectVersion = 56;
	objects = {

/* Begin PBXBuildFile section */
		5D05E36929D47A0100F1F95E /* Theme.swift in Sources */ = {isa = PBXBuildFile; fileRef = 5D05E36829D47A0100F1F95E /* Theme.swift */; };
		5D7EA5E429D38C2400A1B79D /* ScrumdingerApp.swift in Sources */ = {isa = PBXBuildFile; fileRef = 5D7EA5E329D38C2400A1B79D /* ScrumdingerApp.swift */; };
		5D7EA5E629D38C2400A1B79D /* MeetingView.swift in Sources */ = {isa = PBXBuildFile; fileRef = 5D7EA5E529D38C2400A1B79D /* MeetingView.swift */; };
		5D7EA5E829D38C2600A1B79D /* Assets.xcassets in Resources */ = {isa = PBXBuildFile; fileRef = 5D7EA5E729D38C2600A1B79D /* Assets.xcassets */; };
		5D7EA5EB29D38C2600A1B79D /* Preview Assets.xcassets in Resources */ = {isa = PBXBuildFile; fileRef = 5D7EA5EA29D38C2600A1B79D /* Preview Assets.xcassets */; };
		5D7EA5F529D38C2600A1B79D /* ScrumdingerTests.swift in Sources */ = {isa = PBXBuildFile; fileRef = 5D7EA5F429D38C2600A1B79D /* ScrumdingerTests.swift */; };
		5D7EA5FF29D38C2600A1B79D /* ScrumdingerUITests.swift in Sources */ = {isa = PBXBuildFile; fileRef = 5D7EA5FE29D38C2600A1B79D /* ScrumdingerUITests.swift */; };
		5D7EA60129D38C2600A1B79D /* ScrumdingerUITestsLaunchTests.swift in Sources */ = {isa = PBXBuildFile; fileRef = 5D7EA60029D38C2600A1B79D /* ScrumdingerUITestsLaunchTests.swift */; };
		5D9914B329D4B91F00E64AC8 /* DailyScrum.swift in Sources */ = {isa = PBXBuildFile; fileRef = 5D9914B229D4B91F00E64AC8 /* DailyScrum.swift */; };
		5D9914B529D4B9BC00E64AC8 /* CardView.swift in Sources */ = {isa = PBXBuildFile; fileRef = 5D9914B429D4B9BC00E64AC8 /* CardView.swift */; };
		5D9914B829D4C0F600E64AC8 /* TrailingIconLabelStyle.swift in Sources */ = {isa = PBXBuildFile; fileRef = 5D9914B729D4C0F600E64AC8 /* TrailingIconLabelStyle.swift */; };
		5D9914BA29D4C52900E64AC8 /* ScrumsView.swift in Sources */ = {isa = PBXBuildFile; fileRef = 5D9914B929D4C52900E64AC8 /* ScrumsView.swift */; };
		5DDD1C9629EAE336005EAD74 /* DetailView.swift in Sources */ = {isa = PBXBuildFile; fileRef = 5DDD1C9529EAE336005EAD74 /* DetailView.swift */; };
		5DDD1C9829EAF91A005EAD74 /* DetailEditView.swift in Sources */ = {isa = PBXBuildFile; fileRef = 5DDD1C9729EAF91A005EAD74 /* DetailEditView.swift */; };
		5DDD1C9A29EB0049005EAD74 /* ThemeView.swift in Sources */ = {isa = PBXBuildFile; fileRef = 5DDD1C9929EB0049005EAD74 /* ThemeView.swift */; };
		5DDD1C9C29EB014E005EAD74 /* ThemePicker.swift in Sources */ = {isa = PBXBuildFile; fileRef = 5DDD1C9B29EB014E005EAD74 /* ThemePicker.swift */; };
/* End PBXBuildFile section */

/* Begin PBXContainerItemProxy section */
		5D7EA5F129D38C2600A1B79D /* PBXContainerItemProxy */ = {
			isa = PBXContainerItemProxy;
			containerPortal = 5D7EA5D829D38C2400A1B79D /* Project object */;
			proxyType = 1;
			remoteGlobalIDString = 5D7EA5DF29D38C2400A1B79D;
			remoteInfo = Scrumdinger;
		};
		5D7EA5FB29D38C2600A1B79D /* PBXContainerItemProxy */ = {
			isa = PBXContainerItemProxy;
			containerPortal = 5D7EA5D829D38C2400A1B79D /* Project object */;
			proxyType = 1;
			remoteGlobalIDString = 5D7EA5DF29D38C2400A1B79D;
			remoteInfo = Scrumdinger;
		};
/* End PBXContainerItemProxy section */

/* Begin PBXFileReference section */
		5D05E36829D47A0100F1F95E /* Theme.swift */ = {isa = PBXFileReference; lastKnownFileType = sourcecode.swift; path = Theme.swift; sourceTree = "<group>"; };
		5D7EA5E029D38C2400A1B79D /* Scrumdinger.app */ = {isa = PBXFileReference; explicitFileType = wrapper.application; includeInIndex = 0; path = Scrumdinger.app; sourceTree = BUILT_PRODUCTS_DIR; };
		5D7EA5E329D38C2400A1B79D /* ScrumdingerApp.swift */ = {isa = PBXFileReference; lastKnownFileType = sourcecode.swift; path = ScrumdingerApp.swift; sourceTree = "<group>"; };
		5D7EA5E529D38C2400A1B79D /* MeetingView.swift */ = {isa = PBXFileReference; lastKnownFileType = sourcecode.swift; path = MeetingView.swift; sourceTree = "<group>"; };
		5D7EA5E729D38C2600A1B79D /* Assets.xcassets */ = {isa = PBXFileReference; lastKnownFileType = folder.assetcatalog; path = Assets.xcassets; sourceTree = "<group>"; };
		5D7EA5EA29D38C2600A1B79D /* Preview Assets.xcassets */ = {isa = PBXFileReference; lastKnownFileType = folder.assetcatalog; path = "Preview Assets.xcassets"; sourceTree = "<group>"; };
		5D7EA5F029D38C2600A1B79D /* ScrumdingerTests.xctest */ = {isa = PBXFileReference; explicitFileType = wrapper.cfbundle; includeInIndex = 0; path = ScrumdingerTests.xctest; sourceTree = BUILT_PRODUCTS_DIR; };
		5D7EA5F429D38C2600A1B79D /* ScrumdingerTests.swift */ = {isa = PBXFileReference; lastKnownFileType = sourcecode.swift; path = ScrumdingerTests.swift; sourceTree = "<group>"; };
		5D7EA5FA29D38C2600A1B79D /* ScrumdingerUITests.xctest */ = {isa = PBXFileReference; explicitFileType = wrapper.cfbundle; includeInIndex = 0; path = ScrumdingerUITests.xctest; sourceTree = BUILT_PRODUCTS_DIR; };
		5D7EA5FE29D38C2600A1B79D /* ScrumdingerUITests.swift */ = {isa = PBXFileReference; lastKnownFileType = sourcecode.swift; path = ScrumdingerUITests.swift; sourceTree = "<group>"; };
		5D7EA60029D38C2600A1B79D /* ScrumdingerUITestsLaunchTests.swift */ = {isa = PBXFileReference; lastKnownFileType = sourcecode.swift; path = ScrumdingerUITestsLaunchTests.swift; sourceTree = "<group>"; };
		5D9914B229D4B91F00E64AC8 /* DailyScrum.swift */ = {isa = PBXFileReference; lastKnownFileType = sourcecode.swift; path = DailyScrum.swift; sourceTree = "<group>"; };
		5D9914B429D4B9BC00E64AC8 /* CardView.swift */ = {isa = PBXFileReference; lastKnownFileType = sourcecode.swift; path = CardView.swift; sourceTree = "<group>"; };
		5D9914B729D4C0F600E64AC8 /* TrailingIconLabelStyle.swift */ = {isa = PBXFileReference; lastKnownFileType = sourcecode.swift; path = TrailingIconLabelStyle.swift; sourceTree = "<group>"; };
		5D9914B929D4C52900E64AC8 /* ScrumsView.swift */ = {isa = PBXFileReference; lastKnownFileType = sourcecode.swift; path = ScrumsView.swift; sourceTree = "<group>"; };
		5DDD1C9529EAE336005EAD74 /* DetailView.swift */ = {isa = PBXFileReference; lastKnownFileType = sourcecode.swift; path = DetailView.swift; sourceTree = "<group>"; };
		5DDD1C9729EAF91A005EAD74 /* DetailEditView.swift */ = {isa = PBXFileReference; lastKnownFileType = sourcecode.swift; path = DetailEditView.swift; sourceTree = "<group>"; };
		5DDD1C9929EB0049005EAD74 /* ThemeView.swift */ = {isa = PBXFileReference; lastKnownFileType = sourcecode.swift; path = ThemeView.swift; sourceTree = "<group>"; };
		5DDD1C9B29EB014E005EAD74 /* ThemePicker.swift */ = {isa = PBXFileReference; lastKnownFileType = sourcecode.swift; path = ThemePicker.swift; sourceTree = "<group>"; };
/* End PBXFileReference section */

/* Begin PBXFrameworksBuildPhase section */
		5D7EA5DD29D38C2400A1B79D /* Frameworks */ = {
			isa = PBXFrameworksBuildPhase;
			buildActionMask = 2147483647;
			files = (
			);
			runOnlyForDeploymentPostprocessing = 0;
		};
		5D7EA5ED29D38C2600A1B79D /* Frameworks */ = {
			isa = PBXFrameworksBuildPhase;
			buildActionMask = 2147483647;
			files = (
			);
			runOnlyForDeploymentPostprocessing = 0;
		};
		5D7EA5F729D38C2600A1B79D /* Frameworks */ = {
			isa = PBXFrameworksBuildPhase;
			buildActionMask = 2147483647;
			files = (
			);
			runOnlyForDeploymentPostprocessing = 0;
		};
/* End PBXFrameworksBuildPhase section */

/* Begin PBXGroup section */
		5D05E36429D479E000F1F95E /* App */ = {
			isa = PBXGroup;
			children = (
				5D7EA5E329D38C2400A1B79D /* ScrumdingerApp.swift */,
			);
			path = App;
			sourceTree = "<group>";
		};
		5D05E36529D479E600F1F95E /* Views */ = {
			isa = PBXGroup;
			children = (
				5D7EA5E529D38C2400A1B79D /* MeetingView.swift */,
				5D9914B429D4B9BC00E64AC8 /* CardView.swift */,
				5D9914B929D4C52900E64AC8 /* ScrumsView.swift */,
				5DDD1C9529EAE336005EAD74 /* DetailView.swift */,
				5DDD1C9729EAF91A005EAD74 /* DetailEditView.swift */,
				5DDD1C9929EB0049005EAD74 /* ThemeView.swift */,
				5DDD1C9B29EB014E005EAD74 /* ThemePicker.swift */,
			);
			path = Views;
			sourceTree = "<group>";
		};
		5D05E36629D479ED00F1F95E /* Resources */ = {
			isa = PBXGroup;
			children = (
				5D7EA5E729D38C2600A1B79D /* Assets.xcassets */,
			);
			path = Resources;
			sourceTree = "<group>";
		};
		5D05E36729D479F200F1F95E /* Models */ = {
			isa = PBXGroup;
			children = (
				5D05E36829D47A0100F1F95E /* Theme.swift */,
				5D9914B229D4B91F00E64AC8 /* DailyScrum.swift */,
			);
			path = Models;
			sourceTree = "<group>";
		};
		5D7EA5D729D38C2400A1B79D = {
			isa = PBXGroup;
			children = (
				5D7EA5E229D38C2400A1B79D /* Scrumdinger */,
				5D7EA5F329D38C2600A1B79D /* ScrumdingerTests */,
				5D7EA5FD29D38C2600A1B79D /* ScrumdingerUITests */,
				5D7EA5E129D38C2400A1B79D /* Products */,
			);
			sourceTree = "<group>";
		};
		5D7EA5E129D38C2400A1B79D /* Products */ = {
			isa = PBXGroup;
			children = (
				5D7EA5E029D38C2400A1B79D /* Scrumdinger.app */,
				5D7EA5F029D38C2600A1B79D /* ScrumdingerTests.xctest */,
				5D7EA5FA29D38C2600A1B79D /* ScrumdingerUITests.xctest */,
			);
			name = Products;
			sourceTree = "<group>";
		};
		5D7EA5E229D38C2400A1B79D /* Scrumdinger */ = {
			isa = PBXGroup;
			children = (
				5D9914B629D4C0EE00E64AC8 /* Style */,
				5D05E36729D479F200F1F95E /* Models */,
				5D05E36429D479E000F1F95E /* App */,
				5D05E36529D479E600F1F95E /* Views */,
				5D05E36629D479ED00F1F95E /* Resources */,
				5D7EA5E929D38C2600A1B79D /* Preview Content */,
			);
			path = Scrumdinger;
			sourceTree = "<group>";
		};
		5D7EA5E929D38C2600A1B79D /* Preview Content */ = {
			isa = PBXGroup;
			children = (
				5D7EA5EA29D38C2600A1B79D /* Preview Assets.xcassets */,
			);
			path = "Preview Content";
			sourceTree = "<group>";
		};
		5D7EA5F329D38C2600A1B79D /* ScrumdingerTests */ = {
			isa = PBXGroup;
			children = (
				5D7EA5F429D38C2600A1B79D /* ScrumdingerTests.swift */,
			);
			path = ScrumdingerTests;
			sourceTree = "<group>";
		};
		5D7EA5FD29D38C2600A1B79D /* ScrumdingerUITests */ = {
			isa = PBXGroup;
			children = (
				5D7EA5FE29D38C2600A1B79D /* ScrumdingerUITests.swift */,
				5D7EA60029D38C2600A1B79D /* ScrumdingerUITestsLaunchTests.swift */,
			);
			path = ScrumdingerUITests;
			sourceTree = "<group>";
		};
		5D9914B629D4C0EE00E64AC8 /* Style */ = {
			isa = PBXGroup;
			children = (
				5D9914B729D4C0F600E64AC8 /* TrailingIconLabelStyle.swift */,
			);
			path = Style;
			sourceTree = "<group>";
		};
/* End PBXGroup section */

/* Begin PBXNativeTarget section */
		5D7EA5DF29D38C2400A1B79D /* Scrumdinger */ = {
			isa = PBXNativeTarget;
			buildConfigurationList = 5D7EA60429D38C2600A1B79D /* Build configuration list for PBXNativeTarget "Scrumdinger" */;
			buildPhases = (
				5D7EA5DC29D38C2400A1B79D /* Sources */,
				5D7EA5DD29D38C2400A1B79D /* Frameworks */,
				5D7EA5DE29D38C2400A1B79D /* Resources */,
			);
			buildRules = (
			);
			dependencies = (
			);
			name = Scrumdinger;
			productName = Scrumdinger;
			productReference = 5D7EA5E029D38C2400A1B79D /* Scrumdinger.app */;
			productType = "com.apple.product-type.application";
		};
		5D7EA5EF29D38C2600A1B79D /* ScrumdingerTests */ = {
			isa = PBXNativeTarget;
			buildConfigurationList = 5D7EA60729D38C2600A1B79D /* Build configuration list for PBXNativeTarget "ScrumdingerTests" */;
			buildPhases = (
				5D7EA5EC29D38C2600A1B79D /* Sources */,
				5D7EA5ED29D38C2600A1B79D /* Frameworks */,
				5D7EA5EE29D38C2600A1B79D /* Resources */,
			);
			buildRules = (
			);
			dependencies = (
				5D7EA5F229D38C2600A1B79D /* PBXTargetDependency */,
			);
			name = ScrumdingerTests;
			productName = ScrumdingerTests;
			productReference = 5D7EA5F029D38C2600A1B79D /* ScrumdingerTests.xctest */;
			productType = "com.apple.product-type.bundle.unit-test";
		};
		5D7EA5F929D38C2600A1B79D /* ScrumdingerUITests */ = {
			isa = PBXNativeTarget;
			buildConfigurationList = 5D7EA60A29D38C2600A1B79D /* Build configuration list for PBXNativeTarget "ScrumdingerUITests" */;
			buildPhases = (
				5D7EA5F629D38C2600A1B79D /* Sources */,
				5D7EA5F729D38C2600A1B79D /* Frameworks */,
				5D7EA5F829D38C2600A1B79D /* Resources */,
			);
			buildRules = (
			);
			dependencies = (
				5D7EA5FC29D38C2600A1B79D /* PBXTargetDependency */,
			);
			name = ScrumdingerUITests;
			productName = ScrumdingerUITests;
			productReference = 5D7EA5FA29D38C2600A1B79D /* ScrumdingerUITests.xctest */;
			productType = "com.apple.product-type.bundle.ui-testing";
		};
/* End PBXNativeTarget section */

/* Begin PBXProject section */
		5D7EA5D829D38C2400A1B79D /* Project object */ = {
			isa = PBXProject;
			attributes = {
				BuildIndependentTargetsInParallel = 1;
				LastSwiftUpdateCheck = 1420;
				LastUpgradeCheck = 1420;
				TargetAttributes = {
					5D7EA5DF29D38C2400A1B79D = {
						CreatedOnToolsVersion = 14.2;
					};
					5D7EA5EF29D38C2600A1B79D = {
						CreatedOnToolsVersion = 14.2;
						TestTargetID = 5D7EA5DF29D38C2400A1B79D;
					};
					5D7EA5F929D38C2600A1B79D = {
						CreatedOnToolsVersion = 14.2;
						TestTargetID = 5D7EA5DF29D38C2400A1B79D;
					};
				};
			};
			buildConfigurationList = 5D7EA5DB29D38C2400A1B79D /* Build configuration list for PBXProject "Scrumdinger" */;
			compatibilityVersion = "Xcode 14.0";
			developmentRegion = en;
			hasScannedForEncodings = 0;
			knownRegions = (
				en,
				Base,
			);
			mainGroup = 5D7EA5D729D38C2400A1B79D;
			productRefGroup = 5D7EA5E129D38C2400A1B79D /* Products */;
			projectDirPath = "";
			projectRoot = "";
			targets = (
				5D7EA5DF29D38C2400A1B79D /* Scrumdinger */,
				5D7EA5EF29D38C2600A1B79D /* ScrumdingerTests */,
				5D7EA5F929D38C2600A1B79D /* ScrumdingerUITests */,
			);
		};
/* End PBXProject section */

/* Begin PBXResourcesBuildPhase section */
		5D7EA5DE29D38C2400A1B79D /* Resources */ = {
			isa = PBXResourcesBuildPhase;
			buildActionMask = 2147483647;
			files = (
				5D7EA5EB29D38C2600A1B79D /* Preview Assets.xcassets in Resources */,
				5D7EA5E829D38C2600A1B79D /* Assets.xcassets in Resources */,
			);
			runOnlyForDeploymentPostprocessing = 0;
		};
		5D7EA5EE29D38C2600A1B79D /* Resources */ = {
			isa = PBXResourcesBuildPhase;
			buildActionMask = 2147483647;
			files = (
			);
			runOnlyForDeploymentPostprocessing = 0;
		};
		5D7EA5F829D38C2600A1B79D /* Resources */ = {
			isa = PBXResourcesBuildPhase;
			buildActionMask = 2147483647;
			files = (
			);
			runOnlyForDeploymentPostprocessing = 0;
		};
/* End PBXResourcesBuildPhase section */

/* Begin PBXSourcesBuildPhase section */
		5D7EA5DC29D38C2400A1B79D /* Sources */ = {
			isa = PBXSourcesBuildPhase;
			buildActionMask = 2147483647;
			files = (
				5DDD1C9C29EB014E005EAD74 /* ThemePicker.swift in Sources */,
				5D9914B329D4B91F00E64AC8 /* DailyScrum.swift in Sources */,
				5DDD1C9629EAE336005EAD74 /* DetailView.swift in Sources */,
				5DDD1C9829EAF91A005EAD74 /* DetailEditView.swift in Sources */,
				5D9914B829D4C0F600E64AC8 /* TrailingIconLabelStyle.swift in Sources */,
				5D05E36929D47A0100F1F95E /* Theme.swift in Sources */,
				5D9914BA29D4C52900E64AC8 /* ScrumsView.swift in Sources */,
				5D7EA5E629D38C2400A1B79D /* MeetingView.swift in Sources */,
				5D7EA5E429D38C2400A1B79D /* ScrumdingerApp.swift in Sources */,
				5DDD1C9A29EB0049005EAD74 /* ThemeView.swift in Sources */,
				5D9914B529D4B9BC00E64AC8 /* CardView.swift in Sources */,
			);
			runOnlyForDeploymentPostprocessing = 0;
		};
		5D7EA5EC29D38C2600A1B79D /* Sources */ = {
			isa = PBXSourcesBuildPhase;
			buildActionMask = 2147483647;
			files = (
				5D7EA5F529D38C2600A1B79D /* ScrumdingerTests.swift in Sources */,
			);
			runOnlyForDeploymentPostprocessing = 0;
		};
		5D7EA5F629D38C2600A1B79D /* Sources */ = {
			isa = PBXSourcesBuildPhase;
			buildActionMask = 2147483647;
			files = (
				5D7EA60129D38C2600A1B79D /* ScrumdingerUITestsLaunchTests.swift in Sources */,
				5D7EA5FF29D38C2600A1B79D /* ScrumdingerUITests.swift in Sources */,
			);
			runOnlyForDeploymentPostprocessing = 0;
		};
/* End PBXSourcesBuildPhase section */

/* Begin PBXTargetDependency section */
		5D7EA5F229D38C2600A1B79D /* PBXTargetDependency */ = {
			isa = PBXTargetDependency;
			target = 5D7EA5DF29D38C2400A1B79D /* Scrumdinger */;
			targetProxy = 5D7EA5F129D38C2600A1B79D /* PBXContainerItemProxy */;
		};
		5D7EA5FC29D38C2600A1B79D /* PBXTargetDependency */ = {
			isa = PBXTargetDependency;
			target = 5D7EA5DF29D38C2400A1B79D /* Scrumdinger */;
			targetProxy = 5D7EA5FB29D38C2600A1B79D /* PBXContainerItemProxy */;
		};
/* End PBXTargetDependency section */

/* Begin XCBuildConfiguration section */
		5D7EA60229D38C2600A1B79D /* Debug */ = {
			isa = XCBuildConfiguration;
			buildSettings = {
				ALWAYS_SEARCH_USER_PATHS = NO;
				CLANG_ANALYZER_NONNULL = YES;
				CLANG_ANALYZER_NUMBER_OBJECT_CONVERSION = YES_AGGRESSIVE;
				CLANG_CXX_LANGUAGE_STANDARD = "gnu++20";
				CLANG_ENABLE_MODULES = YES;
				CLANG_ENABLE_OBJC_ARC = YES;
				CLANG_ENABLE_OBJC_WEAK = YES;
				CLANG_WARN_BLOCK_CAPTURE_AUTORELEASING = YES;
				CLANG_WARN_BOOL_CONVERSION = YES;
				CLANG_WARN_COMMA = YES;
				CLANG_WARN_CONSTANT_CONVERSION = YES;
				CLANG_WARN_DEPRECATED_OBJC_IMPLEMENTATIONS = YES;
				CLANG_WARN_DIRECT_OBJC_ISA_USAGE = YES_ERROR;
				CLANG_WARN_DOCUMENTATION_COMMENTS = YES;
				CLANG_WARN_EMPTY_BODY = YES;
				CLANG_WARN_ENUM_CONVERSION = YES;
				CLANG_WARN_INFINITE_RECURSION = YES;
				CLANG_WARN_INT_CONVERSION = YES;
				CLANG_WARN_NON_LITERAL_NULL_CONVERSION = YES;
				CLANG_WARN_OBJC_IMPLICIT_RETAIN_SELF = YES;
				CLANG_WARN_OBJC_LITERAL_CONVERSION = YES;
				CLANG_WARN_OBJC_ROOT_CLASS = YES_ERROR;
				CLANG_WARN_QUOTED_INCLUDE_IN_FRAMEWORK_HEADER = YES;
				CLANG_WARN_RANGE_LOOP_ANALYSIS = YES;
				CLANG_WARN_STRICT_PROTOTYPES = YES;
				CLANG_WARN_SUSPICIOUS_MOVE = YES;
				CLANG_WARN_UNGUARDED_AVAILABILITY = YES_AGGRESSIVE;
				CLANG_WARN_UNREACHABLE_CODE = YES;
				CLANG_WARN__DUPLICATE_METHOD_MATCH = YES;
				COPY_PHASE_STRIP = NO;
				DEBUG_INFORMATION_FORMAT = dwarf;
				ENABLE_STRICT_OBJC_MSGSEND = YES;
				ENABLE_TESTABILITY = YES;
				GCC_C_LANGUAGE_STANDARD = gnu11;
				GCC_DYNAMIC_NO_PIC = NO;
				GCC_NO_COMMON_BLOCKS = YES;
				GCC_OPTIMIZATION_LEVEL = 0;
				GCC_PREPROCESSOR_DEFINITIONS = (
					"DEBUG=1",
					"$(inherited)",
				);
				GCC_WARN_64_TO_32_BIT_CONVERSION = YES;
				GCC_WARN_ABOUT_RETURN_TYPE = YES_ERROR;
				GCC_WARN_UNDECLARED_SELECTOR = YES;
				GCC_WARN_UNINITIALIZED_AUTOS = YES_AGGRESSIVE;
				GCC_WARN_UNUSED_FUNCTION = YES;
				GCC_WARN_UNUSED_VARIABLE = YES;
				IPHONEOS_DEPLOYMENT_TARGET = 16.2;
				MTL_ENABLE_DEBUG_INFO = INCLUDE_SOURCE;
				MTL_FAST_MATH = YES;
				ONLY_ACTIVE_ARCH = YES;
				SDKROOT = iphoneos;
				SWIFT_ACTIVE_COMPILATION_CONDITIONS = DEBUG;
				SWIFT_OPTIMIZATION_LEVEL = "-Onone";
			};
			name = Debug;
		};
		5D7EA60329D38C2600A1B79D /* Release */ = {
			isa = XCBuildConfiguration;
			buildSettings = {
				ALWAYS_SEARCH_USER_PATHS = NO;
				CLANG_ANALYZER_NONNULL = YES;
				CLANG_ANALYZER_NUMBER_OBJECT_CONVERSION = YES_AGGRESSIVE;
				CLANG_CXX_LANGUAGE_STANDARD = "gnu++20";
				CLANG_ENABLE_MODULES = YES;
				CLANG_ENABLE_OBJC_ARC = YES;
				CLANG_ENABLE_OBJC_WEAK = YES;
				CLANG_WARN_BLOCK_CAPTURE_AUTORELEASING = YES;
				CLANG_WARN_BOOL_CONVERSION = YES;
				CLANG_WARN_COMMA = YES;
				CLANG_WARN_CONSTANT_CONVERSION = YES;
				CLANG_WARN_DEPRECATED_OBJC_IMPLEMENTATIONS = YES;
				CLANG_WARN_DIRECT_OBJC_ISA_USAGE = YES_ERROR;
				CLANG_WARN_DOCUMENTATION_COMMENTS = YES;
				CLANG_WARN_EMPTY_BODY = YES;
				CLANG_WARN_ENUM_CONVERSION = YES;
				CLANG_WARN_INFINITE_RECURSION = YES;
				CLANG_WARN_INT_CONVERSION = YES;
				CLANG_WARN_NON_LITERAL_NULL_CONVERSION = YES;
				CLANG_WARN_OBJC_IMPLICIT_RETAIN_SELF = YES;
				CLANG_WARN_OBJC_LITERAL_CONVERSION = YES;
				CLANG_WARN_OBJC_ROOT_CLASS = YES_ERROR;
				CLANG_WARN_QUOTED_INCLUDE_IN_FRAMEWORK_HEADER = YES;
				CLANG_WARN_RANGE_LOOP_ANALYSIS = YES;
				CLANG_WARN_STRICT_PROTOTYPES = YES;
				CLANG_WARN_SUSPICIOUS_MOVE = YES;
				CLANG_WARN_UNGUARDED_AVAILABILITY = YES_AGGRESSIVE;
				CLANG_WARN_UNREACHABLE_CODE = YES;
				CLANG_WARN__DUPLICATE_METHOD_MATCH = YES;
				COPY_PHASE_STRIP = NO;
				DEBUG_INFORMATION_FORMAT = "dwarf-with-dsym";
				ENABLE_NS_ASSERTIONS = NO;
				ENABLE_STRICT_OBJC_MSGSEND = YES;
				GCC_C_LANGUAGE_STANDARD = gnu11;
				GCC_NO_COMMON_BLOCKS = YES;
				GCC_WARN_64_TO_32_BIT_CONVERSION = YES;
				GCC_WARN_ABOUT_RETURN_TYPE = YES_ERROR;
				GCC_WARN_UNDECLARED_SELECTOR = YES;
				GCC_WARN_UNINITIALIZED_AUTOS = YES_AGGRESSIVE;
				GCC_WARN_UNUSED_FUNCTION = YES;
				GCC_WARN_UNUSED_VARIABLE = YES;
				IPHONEOS_DEPLOYMENT_TARGET = 16.2;
				MTL_ENABLE_DEBUG_INFO = NO;
				MTL_FAST_MATH = YES;
				SDKROOT = iphoneos;
				SWIFT_COMPILATION_MODE = wholemodule;
				SWIFT_OPTIMIZATION_LEVEL = "-O";
				VALIDATE_PRODUCT = YES;
			};
			name = Release;
		};
		5D7EA60529D38C2600A1B79D /* Debug */ = {
			isa = XCBuildConfiguration;
			buildSettings = {
				ASSETCATALOG_COMPILER_APPICON_NAME = AppIcon;
				ASSETCATALOG_COMPILER_GLOBAL_ACCENT_COLOR_NAME = AccentColor;
				CODE_SIGN_STYLE = Automatic;
				CURRENT_PROJECT_VERSION = 1;
				DEVELOPMENT_ASSET_PATHS = "\"Scrumdinger/Preview Content\"";
				DEVELOPMENT_TEAM = 7FCTC6DRE7;
				ENABLE_PREVIEWS = YES;
				GENERATE_INFOPLIST_FILE = YES;
				INFOPLIST_KEY_UIApplicationSceneManifest_Generation = YES;
				INFOPLIST_KEY_UIApplicationSupportsIndirectInputEvents = YES;
				INFOPLIST_KEY_UILaunchScreen_Generation = YES;
				INFOPLIST_KEY_UISupportedInterfaceOrientations_iPad = "UIInterfaceOrientationPortrait UIInterfaceOrientationPortraitUpsideDown UIInterfaceOrientationLandscapeLeft UIInterfaceOrientationLandscapeRight";
				INFOPLIST_KEY_UISupportedInterfaceOrientations_iPhone = "UIInterfaceOrientationPortrait UIInterfaceOrientationLandscapeLeft UIInterfaceOrientationLandscapeRight";
				LD_RUNPATH_SEARCH_PATHS = (
					"$(inherited)",
					"@executable_path/Frameworks",
				);
				MARKETING_VERSION = 1.0;
				PRODUCT_BUNDLE_IDENTIFIER = com.azizbekasadov.Scrumdinger;
				PRODUCT_NAME = "$(TARGET_NAME)";
				SWIFT_EMIT_LOC_STRINGS = YES;
				SWIFT_VERSION = 5.0;
				TARGETED_DEVICE_FAMILY = "1,2";
			};
			name = Debug;
		};
		5D7EA60629D38C2600A1B79D /* Release */ = {
			isa = XCBuildConfiguration;
			buildSettings = {
				ASSETCATALOG_COMPILER_APPICON_NAME = AppIcon;
				ASSETCATALOG_COMPILER_GLOBAL_ACCENT_COLOR_NAME = AccentColor;
				CODE_SIGN_STYLE = Automatic;
				CURRENT_PROJECT_VERSION = 1;
				DEVELOPMENT_ASSET_PATHS = "\"Scrumdinger/Preview Content\"";
				DEVELOPMENT_TEAM = 7FCTC6DRE7;
				ENABLE_PREVIEWS = YES;
				GENERATE_INFOPLIST_FILE = YES;
				INFOPLIST_KEY_UIApplicationSceneManifest_Generation = YES;
				INFOPLIST_KEY_UIApplicationSupportsIndirectInputEvents = YES;
				INFOPLIST_KEY_UILaunchScreen_Generation = YES;
				INFOPLIST_KEY_UISupportedInterfaceOrientations_iPad = "UIInterfaceOrientationPortrait UIInterfaceOrientationPortraitUpsideDown UIInterfaceOrientationLandscapeLeft UIInterfaceOrientationLandscapeRight";
				INFOPLIST_KEY_UISupportedInterfaceOrientations_iPhone = "UIInterfaceOrientationPortrait UIInterfaceOrientationLandscapeLeft UIInterfaceOrientationLandscapeRight";
				LD_RUNPATH_SEARCH_PATHS = (
					"$(inherited)",
					"@executable_path/Frameworks",
				);
				MARKETING_VERSION = 1.0;
				PRODUCT_BUNDLE_IDENTIFIER = com.azizbekasadov.Scrumdinger;
				PRODUCT_NAME = "$(TARGET_NAME)";
				SWIFT_EMIT_LOC_STRINGS = YES;
				SWIFT_VERSION = 5.0;
				TARGETED_DEVICE_FAMILY = "1,2";
			};
			name = Release;
		};
		5D7EA60829D38C2600A1B79D /* Debug */ = {
			isa = XCBuildConfiguration;
			buildSettings = {
				ALWAYS_EMBED_SWIFT_STANDARD_LIBRARIES = YES;
				BUNDLE_LOADER = "$(TEST_HOST)";
				CODE_SIGN_STYLE = Automatic;
				CURRENT_PROJECT_VERSION = 1;
				DEVELOPMENT_TEAM = 7FCTC6DRE7;
				GENERATE_INFOPLIST_FILE = YES;
				IPHONEOS_DEPLOYMENT_TARGET = 16.2;
				MARKETING_VERSION = 1.0;
				PRODUCT_BUNDLE_IDENTIFIER = com.azizbekasadov.ScrumdingerTests;
				PRODUCT_NAME = "$(TARGET_NAME)";
				SWIFT_EMIT_LOC_STRINGS = NO;
				SWIFT_VERSION = 5.0;
				TARGETED_DEVICE_FAMILY = "1,2";
				TEST_HOST = "$(BUILT_PRODUCTS_DIR)/Scrumdinger.app/$(BUNDLE_EXECUTABLE_FOLDER_PATH)/Scrumdinger";
			};
			name = Debug;
		};
		5D7EA60929D38C2600A1B79D /* Release */ = {
			isa = XCBuildConfiguration;
			buildSettings = {
				ALWAYS_EMBED_SWIFT_STANDARD_LIBRARIES = YES;
				BUNDLE_LOADER = "$(TEST_HOST)";
				CODE_SIGN_STYLE = Automatic;
				CURRENT_PROJECT_VERSION = 1;
				DEVELOPMENT_TEAM = 7FCTC6DRE7;
				GENERATE_INFOPLIST_FILE = YES;
				IPHONEOS_DEPLOYMENT_TARGET = 16.2;
				MARKETING_VERSION = 1.0;
				PRODUCT_BUNDLE_IDENTIFIER = com.azizbekasadov.ScrumdingerTests;
				PRODUCT_NAME = "$(TARGET_NAME)";
				SWIFT_EMIT_LOC_STRINGS = NO;
				SWIFT_VERSION = 5.0;
				TARGETED_DEVICE_FAMILY = "1,2";
				TEST_HOST = "$(BUILT_PRODUCTS_DIR)/Scrumdinger.app/$(BUNDLE_EXECUTABLE_FOLDER_PATH)/Scrumdinger";
			};
			name = Release;
		};
		5D7EA60B29D38C2600A1B79D /* Debug */ = {
			isa = XCBuildConfiguration;
			buildSettings = {
				ALWAYS_EMBED_SWIFT_STANDARD_LIBRARIES = YES;
				CODE_SIGN_STYLE = Automatic;
				CURRENT_PROJECT_VERSION = 1;
				DEVELOPMENT_TEAM = 7FCTC6DRE7;
				GENERATE_INFOPLIST_FILE = YES;
				MARKETING_VERSION = 1.0;
				PRODUCT_BUNDLE_IDENTIFIER = com.azizbekasadov.ScrumdingerUITests;
				PRODUCT_NAME = "$(TARGET_NAME)";
				SWIFT_EMIT_LOC_STRINGS = NO;
				SWIFT_VERSION = 5.0;
				TARGETED_DEVICE_FAMILY = "1,2";
				TEST_TARGET_NAME = Scrumdinger;
			};
			name = Debug;
		};
		5D7EA60C29D38C2600A1B79D /* Release */ = {
			isa = XCBuildConfiguration;
			buildSettings = {
				ALWAYS_EMBED_SWIFT_STANDARD_LIBRARIES = YES;
				CODE_SIGN_STYLE = Automatic;
				CURRENT_PROJECT_VERSION = 1;
				DEVELOPMENT_TEAM = 7FCTC6DRE7;
				GENERATE_INFOPLIST_FILE = YES;
				MARKETING_VERSION = 1.0;
				PRODUCT_BUNDLE_IDENTIFIER = com.azizbekasadov.ScrumdingerUITests;
				PRODUCT_NAME = "$(TARGET_NAME)";
				SWIFT_EMIT_LOC_STRINGS = NO;
				SWIFT_VERSION = 5.0;
				TARGETED_DEVICE_FAMILY = "1,2";
				TEST_TARGET_NAME = Scrumdinger;
			};
			name = Release;
		};
/* End XCBuildConfiguration section */

/* Begin XCConfigurationList section */
		5D7EA5DB29D38C2400A1B79D /* Build configuration list for PBXProject "Scrumdinger" */ = {
			isa = XCConfigurationList;
			buildConfigurations = (
				5D7EA60229D38C2600A1B79D /* Debug */,
				5D7EA60329D38C2600A1B79D /* Release */,
			);
			defaultConfigurationIsVisible = 0;
			defaultConfigurationName = Release;
		};
		5D7EA60429D38C2600A1B79D /* Build configuration list for PBXNativeTarget "Scrumdinger" */ = {
			isa = XCConfigurationList;
			buildConfigurations = (
				5D7EA60529D38C2600A1B79D /* Debug */,
				5D7EA60629D38C2600A1B79D /* Release */,
			);
			defaultConfigurationIsVisible = 0;
			defaultConfigurationName = Release;
		};
		5D7EA60729D38C2600A1B79D /* Build configuration list for PBXNativeTarget "ScrumdingerTests" */ = {
			isa = XCConfigurationList;
			buildConfigurations = (
				5D7EA60829D38C2600A1B79D /* Debug */,
				5D7EA60929D38C2600A1B79D /* Release */,
			);
			defaultConfigurationIsVisible = 0;
			defaultConfigurationName = Release;
		};
		5D7EA60A29D38C2600A1B79D /* Build configuration list for PBXNativeTarget "ScrumdingerUITests" */ = {
			isa = XCConfigurationList;
			buildConfigurations = (
				5D7EA60B29D38C2600A1B79D /* Debug */,
				5D7EA60C29D38C2600A1B79D /* Release */,
			);
			defaultConfigurationIsVisible = 0;
			defaultConfigurationName = Release;
		};
/* End XCConfigurationList section */
	};
	rootObject = 5D7EA5D829D38C2400A1B79D /* Project object */;
}
